
Microsoft Visual Studio Solution File, Format Version 12.00
# Visual Studio Version 17
VisualStudioVersion = 17.13.35931.197 d17.13
MinimumVisualStudioVersion = 10.0.40219.1
Project("{FAE04EC0-301F-11D3-BF4B-00C04F79EFBC}") = "StatTrackingGlobalParser", "StatTrackingGlobalParser\StatTrackingGlobalParser.csproj", "{587D05BF-960D-4DE6-92B2-1302AEB2D0BA}"
EndProject
Global
	GlobalSection(SolutionConfigurationPlatforms) = preSolution
		Debug|Any CPU = Debug|Any CPU
		Release|Any CPU = Release|Any CPU
	EndGlobalSection
	GlobalSection(ProjectConfigurationPlatforms) = postSolution
		{587D05BF-960D-4DE6-92B2-1302AEB2D0BA}.Debug|Any CPU.ActiveCfg = Debug|Any CPU
		{587D05BF-960D-4DE6-92B2-1302AEB2D0BA}.Debug|Any CPU.Build.0 = Debug|Any CPU
		{587D05BF-960D-4DE6-92B2-1302AEB2D0BA}.Release|Any CPU.ActiveCfg = Release|Any CPU
		{587D05BF-960D-4DE6-92B2-1302AEB2D0BA}.Release|Any CPU.Build.0 = Release|Any CPU
	EndGlobalSection
	GlobalSection(SolutionProperties) = preSolution
		HideSolutionNode = FALSE
	EndGlobalSection
	GlobalSection(ExtensibilityGlobals) = postSolution
		SolutionGuid = {D1F0976D-BE07-4C59-9577-39DD81603F0B}
	EndGlobalSection
EndGlobal
